{
  "requires": true,
  "lockfileVersion": 1,
  "dependencies": {
    "@babel/runtime": {
      "version": "7.18.3",
      "resolved": "https://registry.npmjs.org/@babel/runtime/-/runtime-7.18.3.tgz",
      "integrity": "sha512-38Y8f7YUhce/K7RMwTp7m0uCumpv9hZkitCbBClqQIow1qSbCvGkcegKOXpEWCQLfWmevgRiWokZ1GkpfhbZug==",
      "requires": {
        "regenerator-runtime": "^0.13.4"
      }
    },
    "@ethersproject/bignumber": {
      "version": "5.6.2",
      "resolved": "https://registry.npmjs.org/@ethersproject/bignumber/-/bignumber-5.6.2.tgz",
      "integrity": "sha512-v7+EEUbhGqT3XJ9LMPsKvXYHFc8eHxTowFCG/HgJErmq4XHJ2WR7aeyICg3uTOAQ7Icn0GFHAohXEhxQHq4Ubw==",
      "requires": {
        "@ethersproject/bytes": "^5.6.1",
        "@ethersproject/logger": "^5.6.0",
        "bn.js": "^5.2.1"
      }
    },
    "@ethersproject/bytes": {
      "version": "5.6.1",
      "resolved": "https://registry.npmjs.org/@ethersproject/bytes/-/bytes-5.6.1.tgz",
      "integrity": "sha512-NwQt7cKn5+ZE4uDn+X5RAXLp46E1chXoaMmrxAyA0rblpxz8t58lVkrHXoRIn0lz1joQElQ8410GqhTqMOwc6g==",
      "requires": {
        "@ethersproject/logger": "^5.6.0"
      }
    },
    "@ethersproject/logger": {
      "version": "5.6.0",
      "resolved": "https://registry.npmjs.org/@ethersproject/logger/-/logger-5.6.0.tgz",
      "integrity": "sha512-BiBWllUROH9w+P21RzoxJKzqoqpkyM1pRnEKG69bulE9TSQD8SAIvTQqIMZmmCO8pUNkgLP1wndX1gKghSpBmg=="
    },
    "bn.js": {
      "version": "5.2.1",
      "resolved": "https://registry.npmjs.org/bn.js/-/bn.js-5.2.1.tgz",
      "integrity": "sha512-eXRvHzWyYPBuB4NBy0cmYQjGitUrtqwbvlzP3G6VFnNRbsZQIxQ10PbKKHt8gZ/HW/D/747aDl+QkDqg3KQLMQ=="
    },
    "complex.js": {
      "version": "2.1.1",
      "resolved": "https://registry.npmjs.org/complex.js/-/complex.js-2.1.1.tgz",
      "integrity": "sha512-8njCHOTtFFLtegk6zQo0kkVX1rngygb/KQI6z1qZxlFI3scluC+LVTCFbrkWjBv4vvLlbQ9t88IPMC6k95VTTg=="
    },
    "decimal.js": {
      "version": "10.3.1",
      "resolved": "https://registry.npmjs.org/decimal.js/-/decimal.js-10.3.1.tgz",
      "integrity": "sha512-V0pfhfr8suzyPGOx3nmq4aHqabehUZn6Ch9kyFpV79TGDTWFmHqUqXdabR7QHqxzrYolF4+tVmJhUG4OURg5dQ=="
    },
    "escape-latex": {
      "version": "1.2.0",
      "resolved": "https://registry.npmjs.org/escape-latex/-/escape-latex-1.2.0.tgz",
      "integrity": "sha512-nV5aVWW1K0wEiUIEdZ4erkGGH8mDxGyxSeqPzRNtWP7ataw+/olFObw7hujFWlVjNsaDFw5VZ5NzVSIqRgfTiw=="
    },
    "evm-bn": {
      "version": "1.1.1",
      "resolved": "https://registry.npmjs.org/evm-bn/-/evm-bn-1.1.1.tgz",
      "integrity": "sha512-Ou+Y5WgoUnjRZjXYpKBTs3orakrpCw6rvj1jiOp2e1kBLVxpnxDywlO1N6hrCbYguPbFlbEWqo0OLzuFXp+UDw==",
      "requires": {
        "@ethersproject/bignumber": "^5.5.0",
        "from-exponential": "^1.1.1"
      }
    },
    "fraction.js": {
      "version": "4.2.0",
      "resolved": "https://registry.npmjs.org/fraction.js/-/fraction.js-4.2.0.tgz",
      "integrity": "sha512-MhLuK+2gUcnZe8ZHlaaINnQLl0xRIGRfcGk2yl8xoQAfHrSsL3rYu6FCmBdkdbhc9EPlwyGHewaRsvwRMJtAlA=="
    },
    "from-exponential": {
      "version": "1.1.1",
      "resolved": "https://registry.npmjs.org/from-exponential/-/from-exponential-1.1.1.tgz",
      "integrity": "sha512-VBE7f5OVnYwdgB3LHa+Qo29h8qVpxhVO9Trlc+AWm+/XNAgks1tAwMFHb33mjeiof77GglsJzeYF7OqXrROP/A=="
    },
    "javascript-natural-sort": {
      "version": "0.7.1",
      "resolved": "https://registry.npmjs.org/javascript-natural-sort/-/javascript-natural-sort-0.7.1.tgz",
      "integrity": "sha512-nO6jcEfZWQXDhOiBtG2KvKyEptz7RVbpGP4vTD2hLBdmNQSsCiicO2Ioinv6UI4y9ukqnBpy+XZ9H6uLNgJTlw=="
    },
    "mathjs": {
      "version": "10.6.1",
      "resolved": "https://registry.npmjs.org/mathjs/-/mathjs-10.6.1.tgz",
      "integrity": "sha512-8iZp6uUKKBoCFoUHze9ydsrSji9/IOEzMhwURyoQXaLL1+ILEZnraw4KzZnUBt/XN6lPJPV+7JO94oil3AmosQ==",
      "requires": {
        "@babel/runtime": "^7.18.3",
        "complex.js": "^2.1.1",
        "decimal.js": "^10.3.1",
        "escape-latex": "^1.2.0",
        "fraction.js": "^4.2.0",
        "javascript-natural-sort": "^0.7.1",
        "seedrandom": "^3.0.5",
        "tiny-emitter": "^2.1.0",
        "typed-function": "^2.1.0"
      }
    },
    "prb-math": {
      "version": "2.4.3",
      "resolved": "https://registry.npmjs.org/prb-math/-/prb-math-2.4.3.tgz",
      "integrity": "sha512-t5jncEscKmWg7COkMkmbXXxSeDI6Xl21rxx5e+oxUCqskNvsu6Q9RqdVfGY6y+sMwyMQE8DJ/OOyQ9ExH1yfbw==",
      "requires": {
        "@ethersproject/bignumber": "^5.5.0",
        "decimal.js": "^10.3.1",
        "evm-bn": "^1.1.1",
        "mathjs": "^10.1.1"
      }
    },
    "regenerator-runtime": {
      "version": "0.13.9",
      "resolved": "https://registry.npmjs.org/regenerator-runtime/-/regenerator-runtime-0.13.9.tgz",
      "integrity": "sha512-p3VT+cOEgxFsRRA9X4lkI1E+k2/CtnKtU4gcxyaCUreilL/vqI6CdZ3wxVUx3UOUg+gnUOQQcRI7BmSI656MYA=="
    },
    "seedrandom": {
      "version": "3.0.5",
      "resolved": "https://registry.npmjs.org/seedrandom/-/seedrandom-3.0.5.tgz",
      "integrity": "sha512-8OwmbklUNzwezjGInmZ+2clQmExQPvomqjL7LFqOYqtmuxRgQYqOD3mHaU+MvZn5FLUeVxVfQjwLZW/n/JFuqg=="
    },
    "tiny-emitter": {
      "version": "2.1.0",
      "resolved": "https://registry.npmjs.org/tiny-emitter/-/tiny-emitter-2.1.0.tgz",
      "integrity": "sha512-NB6Dk1A9xgQPMoGqC5CVXn123gWyte215ONT5Pp5a0yt4nlEoO1ZWeCwpncaekPHXO60i47ihFnZPiRPjRMq4Q=="
    },
    "typed-function": {
      "version": "2.1.0",
      "resolved": "https://registry.npmjs.org/typed-function/-/typed-function-2.1.0.tgz",
      "integrity": "sha512-bctQIOqx2iVbWGDGPWwIm18QScpu2XRmkC19D8rQGFsjKSgteq/o1hTZvIG/wuDq8fanpBDrLkLq+aEN/6y5XQ=="
    }
  }
}
